
Microsoft Visual Studio Solution File, Format Version 12.00
# Visual Studio Version 17
VisualStudioVersion = 17.9.34607.119
MinimumVisualStudioVersion = 10.0.40219.1
Project("{FAE04EC0-301F-11D3-BF4B-00C04F79EFBC}") = "ShipIt.PriceQuote.Api", "ShipIt.PriceQuote.Api\ShipIt.PriceQuote.Api.csproj", "{D6483B16-1BBF-42D9-8868-B6F68DAB2D49}"
EndProject
Project("{FAE04EC0-301F-11D3-BF4B-00C04F79EFBC}") = "ShipIt.PriceQuote.Api.Contracts", "ShipIt.PriceQuote.Api.Contracts\ShipIt.PriceQuote.Api.Contracts.csproj", "{187EF034-7E86-4AA8-9FCC-DD7EC953C5A2}"
EndProject
Global
	GlobalSection(SolutionConfigurationPlatforms) = preSolution
		Debug|Any CPU = Debug|Any CPU
		Release|Any CPU = Release|Any CPU
	EndGlobalSection
	GlobalSection(ProjectConfigurationPlatforms) = postSolution
		{D6483B16-1BBF-42D9-8868-B6F68DAB2D49}.Debug|Any CPU.ActiveCfg = Debug|Any CPU
		{D6483B16-1BBF-42D9-8868-B6F68DAB2D49}.Debug|Any CPU.Build.0 = Debug|Any CPU
		{D6483B16-1BBF-42D9-8868-B6F68DAB2D49}.Release|Any CPU.ActiveCfg = Release|Any CPU
		{D6483B16-1BBF-42D9-8868-B6F68DAB2D49}.Release|Any CPU.Build.0 = Release|Any CPU
		{187EF034-7E86-4AA8-9FCC-DD7EC953C5A2}.Debug|Any CPU.ActiveCfg = Debug|Any CPU
		{187EF034-7E86-4AA8-9FCC-DD7EC953C5A2}.Debug|Any CPU.Build.0 = Debug|Any CPU
		{187EF034-7E86-4AA8-9FCC-DD7EC953C5A2}.Release|Any CPU.ActiveCfg = Release|Any CPU
		{187EF034-7E86-4AA8-9FCC-DD7EC953C5A2}.Release|Any CPU.Build.0 = Release|Any CPU
	EndGlobalSection
	GlobalSection(SolutionProperties) = preSolution
		HideSolutionNode = FALSE
	EndGlobalSection
	GlobalSection(ExtensibilityGlobals) = postSolution
		SolutionGuid = {12AEFA47-CF27-4920-B506-75D2639E70B4}
	EndGlobalSection
EndGlobal
